
Microsoft Visual Studio Solution File, Format Version 12.00
Project("{FAE04EC0-301F-11D3-BF4B-00C04F79EFBC}") = "FluentValidationProject", "FluentValidationProject\FluentValidationProject.csproj", "{8E0E879D-AAED-44A3-AA15-6A3FABBAE216}"
EndProject
Project("{FAE04EC0-301F-11D3-BF4B-00C04F79EFBC}") = "TestValidationTest", "TestValidationTest\TestValidationTest.csproj", "{74DF417F-B610-4FCC-BB80-3C5EB277C503}"
EndProject
Global
	GlobalSection(SolutionConfigurationPlatforms) = preSolution
		Debug|Any CPU = Debug|Any CPU
		Release|Any CPU = Release|Any CPU
	EndGlobalSection
	GlobalSection(ProjectConfigurationPlatforms) = postSolution
		{8E0E879D-AAED-44A3-AA15-6A3FABBAE216}.Debug|Any CPU.ActiveCfg = Debug|Any CPU
		{8E0E879D-AAED-44A3-AA15-6A3FABBAE216}.Debug|Any CPU.Build.0 = Debug|Any CPU
		{8E0E879D-AAED-44A3-AA15-6A3FABBAE216}.Release|Any CPU.ActiveCfg = Release|Any CPU
		{8E0E879D-AAED-44A3-AA15-6A3FABBAE216}.Release|Any CPU.Build.0 = Release|Any CPU
		{74DF417F-B610-4FCC-BB80-3C5EB277C503}.Debug|Any CPU.ActiveCfg = Debug|Any CPU
		{74DF417F-B610-4FCC-BB80-3C5EB277C503}.Debug|Any CPU.Build.0 = Debug|Any CPU
		{74DF417F-B610-4FCC-BB80-3C5EB277C503}.Release|Any CPU.ActiveCfg = Release|Any CPU
		{74DF417F-B610-4FCC-BB80-3C5EB277C503}.Release|Any CPU.Build.0 = Release|Any CPU
	EndGlobalSection
EndGlobal
